// !$*UTF8*$!
{
	archiveVersion = 1;
	classes = {
	};
	objectVersion = 46;
	objects = {

/* Begin PBXBuildFile section */
		332E10471CA5985D00A114CF /* main.m in Sources */ = {isa = PBXBuildFile; fileRef = 332E10461CA5985D00A114CF /* main.m */; };
		332E104A1CA5985D00A114CF /* AppDelegate.m in Sources */ = {isa = PBXBuildFile; fileRef = 332E10491CA5985D00A114CF /* AppDelegate.m */; };
		332E104D1CA5985D00A114CF /* ViewController.m in Sources */ = {isa = PBXBuildFile; fileRef = 332E104C1CA5985D00A114CF /* ViewController.m */; };
		332E10501CA5985D00A114CF /* Main.storyboard in Resources */ = {isa = PBXBuildFile; fileRef = 332E104E1CA5985D00A114CF /* Main.storyboard */; };
		332E10521CA5985D00A114CF /* Assets.xcassets in Resources */ = {isa = PBXBuildFile; fileRef = 332E10511CA5985D00A114CF /* Assets.xcassets */; };
		332E10551CA5985D00A114CF /* LaunchScreen.storyboard in Resources */ = {isa = PBXBuildFile; fileRef = 332E10531CA5985D00A114CF /* LaunchScreen.storyboard */; };
/* End PBXBuildFile section */

/* Begin PBXFileReference section */
		332E10421CA5985C00A114CF /* TestGit.app */ = {isa = PBXFileReference; explicitFileType = wrapper.application; includeInIndex = 0; path = TestGit.app; sourceTree = BUILT_PRODUCTS_DIR; };
		332E10461CA5985D00A114CF /* main.m */ = {isa = PBXFileReference; lastKnownFileType = sourcecode.c.objc; path = main.m; sourceTree = "<group>"; };
		332E10481CA5985D00A114CF /* AppDelegate.h */ = {isa = PBXFileReference; lastKnownFileType = sourcecode.c.h; path = AppDelegate.h; sourceTree = "<group>"; };
		332E10491CA5985D00A114CF /* AppDelegate.m */ = {isa = PBXFileReference; lastKnownFileType = sourcecode.c.objc; path = AppDelegate.m; sourceTree = "<group>"; };
		332E104B1CA5985D00A114CF /* ViewController.h */ = {isa = PBXFileReference; lastKnownFileType = sourcecode.c.h; path = ViewController.h; sourceTree = "<group>"; };
		332E104C1CA5985D00A114CF /* ViewController.m */ = {isa = PBXFileReference; lastKnownFileType = sourcecode.c.objc; path = ViewController.m; sourceTree = "<group>"; };
		332E104F1CA5985D00A114CF /* Base */ = {isa = PBXFileReference; lastKnownFileType = file.storyboard; name = Base; path = Base.lproj/Main.storyboard; sourceTree = "<group>"; };
		332E10511CA5985D00A114CF /* Assets.xcassets */ = {isa = PBXFileReference; lastKnownFileType = folder.assetcatalog; path = Assets.xcassets; sourceTree = "<group>"; };
		332E10541CA5985D00A114CF /* Base */ = {isa = PBXFileReference; lastKnownFileType = file.storyboard; name = Base; path = Base.lproj/LaunchScreen.storyboard; sourceTree = "<group>"; };
		332E10561CA5985D00A114CF /* Info.plist */ = {isa = PBXFileReference; lastKnownFileType = text.plist.xml; path = Info.plist; sourceTree = "<group>"; };
/* End PBXFileReference section */

/* Begin PBXFrameworksBuildPhase section */
		332E103F1CA5985C00A114CF /* Frameworks */ = {
			isa = PBXFrameworksBuildPhase;
			buildActionMask = 2147483647;
			files = (
			);
			runOnlyForDeploymentPostprocessing = 0;
		};
/* End PBXFrameworksBuildPhase section */

/* Begin PBXGroup section */
		332E10391CA5985C00A114CF = {
			isa = PBXGroup;
			children = (
				332E10441CA5985D00A114CF /* TestGit */,
				332E10431CA5985C00A114CF /* Products */,
			);
			sourceTree = "<group>";
		};
		332E10431CA5985C00A114CF /* Products */ = {
			isa = PBXGroup;
			children = (
				332E10421CA5985C00A114CF /* TestGit.app */,
			);
			name = Products;
			sourceTree = "<group>";
		};
		332E10441CA5985D00A114CF /* TestGit */ = {
			isa = PBXGroup;
			children = (
				332E10481CA5985D00A114CF /* AppDelegate.h */,
				332E10491CA5985D00A114CF /* AppDelegate.m */,
				332E104B1CA5985D00A114CF /* ViewController.h */,
				332E104C1CA5985D00A114CF /* ViewController.m */,
				332E104E1CA5985D00A114CF /* Main.storyboard */,
				332E10511CA5985D00A114CF /* Assets.xcassets */,
				332E10531CA5985D00A114CF /* LaunchScreen.storyboard */,
				332E10561CA5985D00A114CF /* Info.plist */,
				332E10451CA5985D00A114CF /* Supporting Files */,
			);
			path = TestGit;
			sourceTree = "<group>";
		};
		332E10451CA5985D00A114CF /* Supporting Files */ = {
			isa = PBXGroup;
			children = (
				332E10461CA5985D00A114CF /* main.m */,
			);
			name = "Supporting Files";
			sourceTree = "<group>";
		};
/* End PBXGroup section */

/* Begin PBXNativeTarget section */
		332E10411CA5985C00A114CF /* TestGit */ = {
			isa = PBXNativeTarget;
			buildConfigurationList = 332E10591CA5985D00A114CF /* Build configuration list for PBXNativeTarget "TestGit" */;
			buildPhases = (
				332E103E1CA5985C00A114CF /* Sources */,
				332E103F1CA5985C00A114CF /* Frameworks */,
				332E10401CA5985C00A114CF /* Resources */,
			);
			buildRules = (
			);
			dependencies = (
			);
			name = TestGit;
			productName = TestGit;
			productReference = 332E10421CA5985C00A114CF /* TestGit.app */;
			productType = "com.apple.product-type.application";
		};
/* End PBXNativeTarget section */

/* Begin PBXProject section */
		332E103A1CA5985C00A114CF /* Project object */ = {
			isa = PBXProject;
			attributes = {
				LastUpgradeCheck = 0730;
				ORGANIZATIONNAME = InasGroup;
				TargetAttributes = {
					332E10411CA5985C00A114CF = {
						CreatedOnToolsVersion = 7.3;
						DevelopmentTeam = C3384744BF;
					};
				};
			};
			buildConfigurationList = 332E103D1CA5985C00A114CF /* Build configuration list for PBXProject "TestGit" */;
			compatibilityVersion = "Xcode 3.2";
			developmentRegion = English;
			hasScannedForEncodings = 0;
			knownRegions = (
				en,
				Base,
			);
			mainGroup = 332E10391CA5985C00A114CF;
			productRefGroup = 332E10431CA5985C00A114CF /* Products */;
			projectDirPath = "";
			projectRoot = "";
			targets = (
				332E10411CA5985C00A114CF /* TestGit */,
			);
		};
/* End PBXProject section */

/* Begin PBXResourcesBuildPhase section */
		332E10401CA5985C00A114CF /* Resources */ = {
			isa = PBXResourcesBuildPhase;
			buildActionMask = 2147483647;
			files = (
				332E10551CA5985D00A114CF /* LaunchScreen.storyboard in Resources */,
				332E10521CA5985D00A114CF /* Assets.xcassets in Resources */,
				332E10501CA5985D00A114CF /* Main.storyboard in Resources */,
			);
			runOnlyForDeploymentPostprocessing = 0;
		};
/* End PBXResourcesBuildPhase section */

/* Begin PBXSourcesBuildPhase section */
		332E103E1CA5985C00A114CF /* Sources */ = {
			isa = PBXSourcesBuildPhase;
			buildActionMask = 2147483647;
			files = (
				332E104D1CA5985D00A114CF /* ViewController.m in Sources */,
				332E104A1CA5985D00A114CF /* AppDelegate.m in Sources */,
				332E10471CA5985D00A114CF /* main.m in Sources */,
			);
			runOnlyForDeploymentPostprocessing = 0;
		};
/* End PBXSourcesBuildPhase section */

/* Begin PBXVariantGroup section */
		332E104E1CA5985D00A114CF /* Main.storyboard */ = {
			isa = PBXVariantGroup;
			children = (
				332E104F1CA5985D00A114CF /* Base */,
			);
			name = Main.storyboard;
			sourceTree = "<group>";
		};
		332E10531CA5985D00A114CF /* LaunchScreen.storyboard */ = {
			isa = PBXVariantGroup;
			children = (
				332E10541CA5985D00A114CF /* Base */,
			);
			name = LaunchScreen.storyboard;
			sourceTree = "<group>";
		};
/* End PBXVariantGroup section */

/* Begin XCBuildConfiguration section */
		332E10571CA5985D00A114CF /* Debug */ = {
			isa = XCBuildConfiguration;
			buildSettings = {
				ALWAYS_SEARCH_USER_PATHS = NO;
				CLANG_ANALYZER_NONNULL = YES;
				CLANG_CXX_LANGUAGE_STANDARD = "gnu++0x";
				CLANG_CXX_LIBRARY = "libc++";
				CLANG_ENABLE_MODULES = YES;
				CLANG_ENABLE_OBJC_ARC = YES;
				CLANG_WARN_BOOL_CONVERSION = YES;
				CLANG_WARN_CONSTANT_CONVERSION = YES;
				CLANG_WARN_DIRECT_OBJC_ISA_USAGE = YES_ERROR;
				CLANG_WARN_EMPTY_BODY = YES;
				CLANG_WARN_ENUM_CONVERSION = YES;
				CLANG_WARN_INT_CONVERSION = YES;
				CLANG_WARN_OBJC_ROOT_CLASS = YES_ERROR;
				CLANG_WARN_UNREACHABLE_CODE = YES;
				CLANG_WARN__DUPLICATE_METHOD_MATCH = YES;
				"CODE_SIGN_IDENTITY[sdk=iphoneos*]" = "iPhone Developer";
				COPY_PHASE_STRIP = NO;
				DEBUG_INFORMATION_FORMAT = dwarf;
				ENABLE_STRICT_OBJC_MSGSEND = YES;
				ENABLE_TESTABILITY = YES;
				GCC_C_LANGUAGE_STANDARD = gnu99;
				GCC_DYNAMIC_NO_PIC = NO;
				GCC_NO_COMMON_BLOCKS = YES;
				GCC_OPTIMIZATION_LEVEL = 0;
				GCC_PREPROCESSOR_DEFINITIONS = (
					"DEBUG=1",
					"$(inherited)",
				);
				GCC_WARN_64_TO_32_BIT_CONVERSION = YES;
				GCC_WARN_ABOUT_RETURN_TYPE = YES_ERROR;
				GCC_WARN_UNDECLARED_SELECTOR = YES;
				GCC_WARN_UNINITIALIZED_AUTOS = YES_AGGRESSIVE;
				GCC_WARN_UNUSED_FUNCTION = YES;
				GCC_WARN_UNUSED_VARIABLE = YES;
				IPHONEOS_DEPLOYMENT_TARGET = 9.3;
				MTL_ENABLE_DEBUG_INFO = YES;
				ONLY_ACTIVE_ARCH = YES;
				SDKROOT = iphoneos;
				TARGETED_DEVICE_FAMILY = "1,2";
			};
			name = Debug;
		};
		332E10581CA5985D00A114CF /* Release */ = {
			isa = XCBuildConfiguration;
			buildSettings = {
				ALWAYS_SEARCH_USER_PATHS = NO;
				CLANG_ANALYZER_NONNULL = YES;
				CLANG_CXX_LANGUAGE_STANDARD = "gnu++0x";
				CLANG_CXX_LIBRARY = "libc++";
				CLANG_ENABLE_MODULES = YES;
				CLANG_ENABLE_OBJC_ARC = YES;
				CLANG_WARN_BOOL_CONVERSION = YES;
				CLANG_WARN_CONSTANT_CONVERSION = YES;
				CLANG_WARN_DIRECT_OBJC_ISA_USAGE = YES_ERROR;
				CLANG_WARN_EMPTY_BODY = YES;
				CLANG_WARN_ENUM_CONVERSION = YES;
				CLANG_WARN_INT_CONVERSION = YES;
				CLANG_WARN_OBJC_ROOT_CLASS = YES_ERROR;
				CLANG_WARN_UNREACHABLE_CODE = YES;
				CLANG_WARN__DUPLICATE_METHOD_MATCH = YES;
				"CODE_SIGN_IDENTITY[sdk=iphoneos*]" = "iPhone Developer";
				COPY_PHASE_STRIP = NO;
				DEBUG_INFORMATION_FORMAT = "dwarf-with-dsym";
				ENABLE_NS_ASSERTIONS = NO;
				ENABLE_STRICT_OBJC_MSGSEND = YES;
				GCC_C_LANGUAGE_STANDARD = gnu99;
				GCC_NO_COMMON_BLOCKS = YES;
				GCC_WARN_64_TO_32_BIT_CONVERSION = YES;
				GCC_WARN_ABOUT_RETURN_TYPE = YES_ERROR;
				GCC_WARN_UNDECLARED_SELECTOR = YES;
				GCC_WARN_UNINITIALIZED_AUTOS = YES_AGGRESSIVE;
				GCC_WARN_UNUSED_FUNCTION = YES;
				GCC_WARN_UNUSED_VARIABLE = YES;
				IPHONEOS_DEPLOYMENT_TARGET = 9.3;
				MTL_ENABLE_DEBUG_INFO = NO;
				SDKROOT = iphoneos;
				TARGETED_DEVICE_FAMILY = "1,2";
				VALIDATE_PRODUCT = YES;
			};
			name = Release;
		};
		332E105A1CA5985D00A114CF /* Debug */ = {
			isa = XCBuildConfiguration;
			buildSettings = {
				ASSETCATALOG_COMPILER_APPICON_NAME = AppIcon;
				INFOPLIST_FILE = TestGit/Info.plist;
				LD_RUNPATH_SEARCH_PATHS = "$(inherited) @executable_path/Frameworks";
				PRODUCT_BUNDLE_IDENTIFIER = com.inasgroup.TestGit;
				PRODUCT_NAME = "$(TARGET_NAME)";
			};
			name = Debug;
		};
		332E105B1CA5985D00A114CF /* Release */ = {
			isa = XCBuildConfiguration;
			buildSettings = {
				ASSETCATALOG_COMPILER_APPICON_NAME = AppIcon;
				INFOPLIST_FILE = TestGit/Info.plist;
				LD_RUNPATH_SEARCH_PATHS = "$(inherited) @executable_path/Frameworks";
				PRODUCT_BUNDLE_IDENTIFIER = com.inasgroup.TestGit;
				PRODUCT_NAME = "$(TARGET_NAME)";
			};
			name = Release;
		};
/* End XCBuildConfiguration section */

/* Begin XCConfigurationList section */
		332E103D1CA5985C00A114CF /* Build configuration list for PBXProject "TestGit" */ = {
			isa = XCConfigurationList;
			buildConfigurations = (
				332E10571CA5985D00A114CF /* Debug */,
				332E10581CA5985D00A114CF /* Release */,
			);
			defaultConfigurationIsVisible = 0;
			defaultConfigurationName = Release;
		};
		332E10591CA5985D00A114CF /* Build configuration list for PBXNativeTarget "TestGit" */ = {
			isa = XCConfigurationList;
			buildConfigurations = (
				332E105A1CA5985D00A114CF /* Debug */,
				332E105B1CA5985D00A114CF /* Release */,
			);
			defaultConfigurationIsVisible = 0;
		};
/* End XCConfigurationList section */
	};
	rootObject = 332E103A1CA5985C00A114CF /* Project object */;
}
